
Microsoft Visual Studio Solution File, Format Version 12.00
# Visual Studio 2012
Project("{FAE04EC0-301F-11D3-BF4B-00C04F79EFBC}") = "Template.Domain", "Domain\Template.Domain.csproj", "{C01BA0CF-C883-4BCA-868A-A5BCE85066B9}"
EndProject
Project("{FAE04EC0-301F-11D3-BF4B-00C04F79EFBC}") = "Template.Services", "Services\Template.Services.csproj", "{28E7E5D3-F835-4285-87B7-7DFBA173A719}"
EndProject
Project("{FAE04EC0-301F-11D3-BF4B-00C04F79EFBC}") = "Template.Repository", "Repository\Template.Repository.csproj", "{78C7E99C-9054-4255-B35F-D417AAAFB24B}"
EndProject
Project("{FAE04EC0-301F-11D3-BF4B-00C04F79EFBC}") = "Template", "WebSite\Template.csproj", "{4FD34974-FB22-4D23-8842-9F6160BADF68}"
EndProject
Project("{2150E333-8FDC-42A3-9474-1A3956D46DE8}") = "gitItems", "gitItems", "{B62687D9-1662-46AE-A0B1-6FDD262F36E1}"
	ProjectSection(SolutionItems) = preProject
		README.md = README.md
	EndProjectSection
EndProject
Global
	GlobalSection(SolutionConfigurationPlatforms) = preSolution
		Debug|Any CPU = Debug|Any CPU
		Release|Any CPU = Release|Any CPU
	EndGlobalSection
	GlobalSection(ProjectConfigurationPlatforms) = postSolution
		{C01BA0CF-C883-4BCA-868A-A5BCE85066B9}.Debug|Any CPU.ActiveCfg = Debug|Any CPU
		{C01BA0CF-C883-4BCA-868A-A5BCE85066B9}.Debug|Any CPU.Build.0 = Debug|Any CPU
		{C01BA0CF-C883-4BCA-868A-A5BCE85066B9}.Release|Any CPU.ActiveCfg = Release|Any CPU
		{C01BA0CF-C883-4BCA-868A-A5BCE85066B9}.Release|Any CPU.Build.0 = Release|Any CPU
		{28E7E5D3-F835-4285-87B7-7DFBA173A719}.Debug|Any CPU.ActiveCfg = Debug|Any CPU
		{28E7E5D3-F835-4285-87B7-7DFBA173A719}.Debug|Any CPU.Build.0 = Debug|Any CPU
		{28E7E5D3-F835-4285-87B7-7DFBA173A719}.Release|Any CPU.ActiveCfg = Release|Any CPU
		{28E7E5D3-F835-4285-87B7-7DFBA173A719}.Release|Any CPU.Build.0 = Release|Any CPU
		{78C7E99C-9054-4255-B35F-D417AAAFB24B}.Debug|Any CPU.ActiveCfg = Debug|Any CPU
		{78C7E99C-9054-4255-B35F-D417AAAFB24B}.Debug|Any CPU.Build.0 = Debug|Any CPU
		{78C7E99C-9054-4255-B35F-D417AAAFB24B}.Release|Any CPU.ActiveCfg = Release|Any CPU
		{78C7E99C-9054-4255-B35F-D417AAAFB24B}.Release|Any CPU.Build.0 = Release|Any CPU
		{4FD34974-FB22-4D23-8842-9F6160BADF68}.Debug|Any CPU.ActiveCfg = Debug|Any CPU
		{4FD34974-FB22-4D23-8842-9F6160BADF68}.Debug|Any CPU.Build.0 = Debug|Any CPU
		{4FD34974-FB22-4D23-8842-9F6160BADF68}.Release|Any CPU.ActiveCfg = Release|Any CPU
		{4FD34974-FB22-4D23-8842-9F6160BADF68}.Release|Any CPU.Build.0 = Release|Any CPU
	EndGlobalSection
	GlobalSection(SolutionProperties) = preSolution
		HideSolutionNode = FALSE
	EndGlobalSection
EndGlobal
